<?xml version="1.0" encoding="utf-8"?>
<Project ToolsVersion="4.0" xmlns="http://schemas.microsoft.com/developer/msbuild/2003">
  <ItemGroup>
    <ClCompile Include="src\log\Logger.cpp" />
    <ClCompile Include="src\net\epoll_server.cpp" />
    <ClCompile Include="src\net\main.cpp" />
    <ClCompile Include="src\thread\MessageQueue.cpp" />
    <ClCompile Include="src\thread\ThreadPool.cpp" />
    <ClCompile Include="src\thread\work_thread.cpp" />
  </ItemGroup>
  <ItemGroup>
    <ClInclude Include="src\log\Logger.h" />
    <ClInclude Include="src\net\epoll_server.h" />
    <ClInclude Include="src\thread\ThreadPool.h" />
    <ClInclude Include="src\thread\MessageQueue.h" />
    <ClInclude Include="src\thread\work_thread.h" />
  </ItemGroup>
</Project>
